
Microsoft Visual Studio Solution File, Format Version 12.00
# Visual Studio Version 17
VisualStudioVersion = 17.9.34723.18
MinimumVisualStudioVersion = 10.0.40219.1
Project("{2150E333-8FDC-42A3-9474-1A3956D46DE8}") = "Services", "Services", "{CBCB6F1E-C8CA-485F-AAB9-2B64F79BD937}"
EndProject
Project("{2150E333-8FDC-42A3-9474-1A3956D46DE8}") = "Catalog", "Catalog", "{F38D591A-7094-444E-90E8-7405ADD28837}"
EndProject
Project("{9A19103F-16F7-4668-BE54-9A1E7A4F7556}") = "Catalog.API", "Services\Catalog\Catalog.API\Catalog.API.csproj", "{EA3C50A0-A5B5-4381-95DB-F7D8A0A1615C}"
EndProject
Project("{2150E333-8FDC-42A3-9474-1A3956D46DE8}") = "BuildingBlocks", "BuildingBlocks", "{2A05238F-6832-44B5-945B-AC5264087D68}"
EndProject
Project("{FAE04EC0-301F-11D3-BF4B-00C04F79EFBC}") = "BuildingBlocks", "BuildingBlocks\BuildingBlocks\BuildingBlocks.csproj", "{D1A53F8E-D18F-45E0-9E5E-4A66510E4F83}"
EndProject
Project("{E53339B2-1760-4266-BCC7-CA923CBCF16C}") = "docker-compose", "docker-compose.dcproj", "{81DDED9D-158B-E303-5F62-77A2896D2A5A}"
EndProject
Project("{2150E333-8FDC-42A3-9474-1A3956D46DE8}") = "Basket", "Basket", "{02EA681E-C7D8-13C7-8484-4AC65E1B71E8}"
EndProject
Project("{FAE04EC0-301F-11D3-BF4B-00C04F79EFBC}") = "Basket.API", "Services\Basket\Basket.API\Basket.API.csproj", "{474146A8-1B7A-4109-B23F-2D620284138F}"
EndProject
Project("{2150E333-8FDC-42A3-9474-1A3956D46DE8}") = "Discount", "Discount", "{E12F109B-CF66-40C7-AD3D-1A624698EF01}"
EndProject
Project("{FAE04EC0-301F-11D3-BF4B-00C04F79EFBC}") = "Discount.Grpc", "Services\Discount\Discount.Grpc\Discount.Grpc.csproj", "{362C66E6-D3F6-4F73-B907-2C6BE18B426F}"
EndProject
Project("{2150E333-8FDC-42A3-9474-1A3956D46DE8}") = "Ordering", "Ordering", "{AB2E5498-A4C7-461B-A37D-9F8E4C741938}"
EndProject
Project("{FAE04EC0-301F-11D3-BF4B-00C04F79EFBC}") = "Ordering.API", "Services\Ordering\Ordering.API\Ordering.API.csproj", "{9E600453-9B64-4E2E-891D-BCFFAFF11F37}"
EndProject
Global
	GlobalSection(SolutionConfigurationPlatforms) = preSolution
		Debug|Any CPU = Debug|Any CPU
		Release|Any CPU = Release|Any CPU
	EndGlobalSection
	GlobalSection(ProjectConfigurationPlatforms) = postSolution
		{EA3C50A0-A5B5-4381-95DB-F7D8A0A1615C}.Debug|Any CPU.ActiveCfg = Debug|Any CPU
		{EA3C50A0-A5B5-4381-95DB-F7D8A0A1615C}.Debug|Any CPU.Build.0 = Debug|Any CPU
		{EA3C50A0-A5B5-4381-95DB-F7D8A0A1615C}.Release|Any CPU.ActiveCfg = Release|Any CPU
		{EA3C50A0-A5B5-4381-95DB-F7D8A0A1615C}.Release|Any CPU.Build.0 = Release|Any CPU
		{D1A53F8E-D18F-45E0-9E5E-4A66510E4F83}.Debug|Any CPU.ActiveCfg = Debug|Any CPU
		{D1A53F8E-D18F-45E0-9E5E-4A66510E4F83}.Debug|Any CPU.Build.0 = Debug|Any CPU
		{D1A53F8E-D18F-45E0-9E5E-4A66510E4F83}.Release|Any CPU.ActiveCfg = Release|Any CPU
		{D1A53F8E-D18F-45E0-9E5E-4A66510E4F83}.Release|Any CPU.Build.0 = Release|Any CPU
		{81DDED9D-158B-E303-5F62-77A2896D2A5A}.Debug|Any CPU.ActiveCfg = Debug|Any CPU
		{81DDED9D-158B-E303-5F62-77A2896D2A5A}.Debug|Any CPU.Build.0 = Debug|Any CPU
		{81DDED9D-158B-E303-5F62-77A2896D2A5A}.Release|Any CPU.ActiveCfg = Release|Any CPU
		{81DDED9D-158B-E303-5F62-77A2896D2A5A}.Release|Any CPU.Build.0 = Release|Any CPU
		{474146A8-1B7A-4109-B23F-2D620284138F}.Debug|Any CPU.ActiveCfg = Debug|Any CPU
		{474146A8-1B7A-4109-B23F-2D620284138F}.Debug|Any CPU.Build.0 = Debug|Any CPU
		{474146A8-1B7A-4109-B23F-2D620284138F}.Release|Any CPU.ActiveCfg = Release|Any CPU
		{474146A8-1B7A-4109-B23F-2D620284138F}.Release|Any CPU.Build.0 = Release|Any CPU
		{362C66E6-D3F6-4F73-B907-2C6BE18B426F}.Debug|Any CPU.ActiveCfg = Debug|Any CPU
		{362C66E6-D3F6-4F73-B907-2C6BE18B426F}.Debug|Any CPU.Build.0 = Debug|Any CPU
		{362C66E6-D3F6-4F73-B907-2C6BE18B426F}.Release|Any CPU.ActiveCfg = Release|Any CPU
		{362C66E6-D3F6-4F73-B907-2C6BE18B426F}.Release|Any CPU.Build.0 = Release|Any CPU
		{9E600453-9B64-4E2E-891D-BCFFAFF11F37}.Debug|Any CPU.ActiveCfg = Debug|Any CPU
		{9E600453-9B64-4E2E-891D-BCFFAFF11F37}.Debug|Any CPU.Build.0 = Debug|Any CPU
		{9E600453-9B64-4E2E-891D-BCFFAFF11F37}.Release|Any CPU.ActiveCfg = Release|Any CPU
		{9E600453-9B64-4E2E-891D-BCFFAFF11F37}.Release|Any CPU.Build.0 = Release|Any CPU
	EndGlobalSection
	GlobalSection(SolutionProperties) = preSolution
		HideSolutionNode = FALSE
	EndGlobalSection
	GlobalSection(NestedProjects) = preSolution
		{F38D591A-7094-444E-90E8-7405ADD28837} = {CBCB6F1E-C8CA-485F-AAB9-2B64F79BD937}
		{EA3C50A0-A5B5-4381-95DB-F7D8A0A1615C} = {F38D591A-7094-444E-90E8-7405ADD28837}
		{D1A53F8E-D18F-45E0-9E5E-4A66510E4F83} = {2A05238F-6832-44B5-945B-AC5264087D68}
		{02EA681E-C7D8-13C7-8484-4AC65E1B71E8} = {CBCB6F1E-C8CA-485F-AAB9-2B64F79BD937}
		{474146A8-1B7A-4109-B23F-2D620284138F} = {02EA681E-C7D8-13C7-8484-4AC65E1B71E8}
		{E12F109B-CF66-40C7-AD3D-1A624698EF01} = {CBCB6F1E-C8CA-485F-AAB9-2B64F79BD937}
		{362C66E6-D3F6-4F73-B907-2C6BE18B426F} = {E12F109B-CF66-40C7-AD3D-1A624698EF01}
		{AB2E5498-A4C7-461B-A37D-9F8E4C741938} = {CBCB6F1E-C8CA-485F-AAB9-2B64F79BD937}
		{9E600453-9B64-4E2E-891D-BCFFAFF11F37} = {AB2E5498-A4C7-461B-A37D-9F8E4C741938}
	EndGlobalSection
	GlobalSection(ExtensibilityGlobals) = postSolution
		SolutionGuid = {B3D5EC6C-3B17-401B-A76A-250574B18693}
	EndGlobalSection
EndGlobal
